{"1.1.0",
[{<<"amqp_client">>,{pkg,<<"amqp_client">>,<<"3.7.17">>},0},
 {<<"erlzmq">>,
  {git,"https://github.com/zeromq/erlzmq2",
       {ref,"573d583930c4b1134e504bec83926d188112b401"}},
  0},
 {<<"goldrush">>,{pkg,<<"goldrush">>,<<"0.1.9">>},3},
 {<<"jsx">>,{pkg,<<"jsx">>,<<"2.9.0">>},2},
 {<<"lager">>,{pkg,<<"lager">>,<<"3.6.10">>},2},
 {<<"rabbit_common">>,{pkg,<<"rabbit_common">>,<<"3.7.17">>},1},
 {<<"ranch">>,{pkg,<<"ranch">>,<<"1.7.1">>},2},
 {<<"recon">>,{pkg,<<"recon">>,<<"2.5.0">>},2}]}.
[
{pkg_hash,[
 {<<"amqp_client">>, <<"42456B610333E1206399F80DBF0941CF1D583E7663DAC323CDC6789374B78E33">>},
 {<<"goldrush">>, <<"F06E5D5F1277DA5C413E84D5A2924174182FB108DABB39D5EC548B27424CD106">>},
 {<<"jsx">>, <<"D2F6E5F069C00266CAD52FB15D87C428579EA4D7D73A33669E12679E203329DD">>},
 {<<"lager">>, <<"6172B43AB720AC33914CCD0AEB21FDBDF88213847707D4B91E6AF57B2AE5C4D2">>},
 {<<"rabbit_common">>, <<"D5FC8E9D3CE080248109FD308F28E941EDE6EE9D857A69FE5BBB8EB024B4A19D">>},
 {<<"ranch">>, <<"6B1FAB51B49196860B733A49C07604465A47BDB78AA10C1C16A3D199F7F8C881">>},
 {<<"recon">>, <<"2F7FCBEC2C35034BADE2F9717F77059DC54EB4E929A3049CA7BA6775C0BD66CD">>}]}
].
